eliasnaur.com/font v0.0.0-20230308162249-dd43949cb42d h1:ARo7NCVvN2NdhLlJE9xAbKweuI9L6UgfTbYb0YwPacY=
eliasnaur.com/font v0.0.0-20230308162249-dd43949cb42d/go.mod h1:OYVuxibdk9OSLX8vAqydtRPP87PyTFcT9uH3MlEGBQA=
gioui.org v0.10.3 h1:ZiJ4CRvmPQEl2Ee0lK6JQ9WepiA628YmbjibiBVnBTw=
gioui.org v0.10.3/go.mod h1:x8MAOooc/v4UUaB5o6BS/FpYdxnzh3LBvZlTBmYpnlQ=
gioui.org/cpu v0.0.0-20210808092351-bfe733dd3334/go.mod h1:A8M0Cn5o+vY5LTMlnRoK3O5kG+rH0kWfJjeKd9QpBmQ=
gioui.org/shader v1.0.9 h1:XxnqIfmClWpN49kizxH2W0JcCFrrEP4q3jZmNYaltbs=
gioui.org/shader v1.0.9/go.mod h1:mWdiME581d/kV7/iEhLmUgUK5iZ09XR5XpduXzbePVM=
github.com/go-text/typesetting v0.3.5 h1:XZPUooClHY0Vf/rFyUyuPRNEkawARaFzLMQcXLSEyPk=
github.com/go-text/typesetting v0.3.5/go.mod h1:XZO1hD+nQVyvVa5IicQk7FsCa4PFQaJ2soWAP1f//68=
github.com/go-text/typesetting-utils v0.0.0-20260419141703-4ffe8874dabc h1:8FGo2It5K75XkavhTiCKExUfVaVDS1feBnLCru5qeoY=
github.com/go-text/typesetting-utils v0.0.0-20260419141703-4ffe8874dabc/go.mod h1:3/62I4La/HBRX9TcTpBj4eipLiwzf+vhI+7whTc9V7o=
github.com/godbus/dbus/v5 v5.2.2 h1:TUR3TgtSVDmjiXOgAAyaZbYmIeP3DPkld3jgKGV8mXQ=
github.com/godbus/dbus/v5 v5.2.2/go.mod h1:3AAv2+hPq5rdnr5txxxRwiGjPXamgoIHgz9FPBfOp3c=
github.com/mattn/go-pointer v0.0.1 h1:n+XhsuGeVO6MEAp7xyEukFINEa+Quek5psIR/ylA6o0=
github.com/mattn/go-pointer v0.0.1/go.mod h1:2zXcozF6qYGgmsG+SeTZz3oAbFLdD3OWqnUbNvJZAlc=
github.com/stretchr/testify v1.12.1 h1:EuwCh5fleGS7H32xRwO3wRGT7DxrDhLAT6FF8MpWDWE=
github.com/stretchr/testify v1.12.1/go.mod h1:MDEgiDPPsNp5cuIrHPPCyornHKgEVbtFUmoNlxoYthg=
github.com/tree-sitter/go-tree-sitter v0.25.0 h1:sx6kcg8raRFCvc9BnXglke6axya12krCJF5xJ2sftRU=
github.com/tree-sitter/go-tree-sitter v0.25.0/go.mod h1:r77ig7BikoZhHrrsjAnv8RqGti5rtSyvDHPzgTPsUuU=
github.com/tree-sitter/tree-sitter-agda v1.3.3 h1:JuMhh6NqcXzkCQzYrLbixodWRa+jKDNk3lUIaMPwP3U=
github.com/tree-sitter/tree-sitter-agda v1.3.3/go.mod h1:YsWE7biqSRXXapAMm+qtbLU6yIqPs51abEllxILmESY=
github.com/tree-sitter/tree-sitter-bash v0.25.1 h1:ZD3MK4oDB5lAsFztqbdcyYEd24pxDtx3g9UOWA062rE=
github.com/tree-sitter/tree-sitter-bash v0.25.1/go.mod h1:AksQ6zE+sP9hnp7mKTMT7Q+CwpthV7VGQLXvweVXz9U=
github.com/tree-sitter/tree-sitter-c v0.24.2 h1:nW+M6BnPUa/fBwks8nqf1NiVvu7nltaC+5bR/lTtJCs=
github.com/tree-sitter/tree-sitter-c v0.24.2/go.mod h1:/SpJlv2BuiCgFA5xvtgukFGi51WxctByPUGDxPl60fc=
github.com/tree-sitter/tree-sitter-c-sharp v0.23.5 h1:EeUc2WJE5G1pD6YEqera2yVHYeroeR+/MakKX2a+0xQ=
github.com/tree-sitter/tree-sitter-c-sharp v0.23.5/go.mod h1:H7/aFm5vR1A8Yn5VIOfLWPdlKuJsMgZ5eDmaJdv8bY0=
github.com/tree-sitter/tree-sitter-cpp v0.23.4 h1:LaWZsiqQKvR65yHgKmnaqA+uz6tlDJTJFCyFIeZU/8w=
github.com/tree-sitter/tree-sitter-cpp v0.23.4/go.mod h1:doqNW64BriC7WBCQ1klf0KmJpdEvfxyXtoEybnBo6v8=
github.com/tree-sitter/tree-sitter-css v0.25.0 h1:S5NbzhdZ5LE5V474wmdg+7NthmLjIg5v4wbyewMpziw=
github.com/tree-sitter/tree-sitter-css v0.25.0/go.mod h1:0Z46XCb3L16nVOVw0Lhb43pzloUG/4T6E/pAOE62fEw=
github.com/tree-sitter/tree-sitter-embedded-template v0.25.0 h1:fP3u58oKV05k7HLsZkCXwwDAEDoOVGWXHhb7ccXnLuw=
github.com/tree-sitter/tree-sitter-embedded-template v0.25.0/go.mod h1:HNPOhN0qF3hWluYLdxWs5WbzP/iE4aaRVPMsdxuzIaQ=
github.com/tree-sitter/tree-sitter-go v0.25.0 h1:cEB0Q3LHgZtS+ECHx9wcP7AwzoOddJFQCVmytX42cVU=
github.com/tree-sitter/tree-sitter-go v0.25.0/go.mod h1:Jrx8QqYN0v7npv1fJRH1AznddllYiCMUChtVjxPK040=
github.com/tree-sitter/tree-sitter-haskell v0.23.1 h1:Soj44CHJTvIX/m4ekYJPFqH+sDRK4CuF6MwdRJN9tKU=
github.com/tree-sitter/tree-sitter-haskell v0.23.1/go.mod h1:NWY55NC9F0agDcuCKOkPqAQWZQETS3cUjO+T+a21IIc=
github.com/tree-sitter/tree-sitter-html v0.23.2 h1:1UYDV+Yd05GGRhVnTcbP58GkKLSHHZwVaN+lBZV11Lc=
github.com/tree-sitter/tree-sitter-html v0.23.2/go.mod h1:gpUv/dG3Xl/eebqgeYeFMt+JLOY9cgFinb/Nw08a9og=
github.com/tree-sitter/tree-sitter-java v0.23.5 h1:J9YeMGMwXYlKSP3K4Us8CitC6hjtMjqpeOf2GGo6tig=
github.com/tree-sitter/tree-sitter-java v0.23.5/go.mod h1:NRKlI8+EznxA7t1Yt3xtraPk1Wzqh3GAIC46wxvc320=
github.com/tree-sitter/tree-sitter-javascript v0.25.0 h1:ZkWETb66/w8cc13yhfnNuHOLDQWl3BnKlH6f9AdR88c=
github.com/tree-sitter/tree-sitter-javascript v0.25.0/go.mod h1:lmGD1EJdCA+v0S1u2fFgepMg/opzSg/4pgFym2FPGAs=
github.com/tree-sitter/tree-sitter-jsdoc v0.25.0 h1:x0+P2jGQzGsZ74StiSz6BQDQA8/RB0MocemoB4unNH0=
github.com/tree-sitter/tree-sitter-jsdoc v0.25.0/go.mod h1:+Mx1HG2Dbk+JvgKEA0ixqCY1XdKbTXNvK2EV1guOV9A=
github.com/tree-sitter/tree-sitter-json v0.24.8 h1:tV5rMkihgtiOe14a9LHfDY5kzTl5GNUYe6carZBn0fQ=
github.com/tree-sitter/tree-sitter-json v0.24.8/go.mod h1:F351KK0KGvCaYbZ5zxwx/gWWvZhIDl0eMtn+1r+gQbo=
github.com/tree-sitter/tree-sitter-julia v0.25.0 h1:C4GW8g5JwDh99S4r5g5LjVzqm8/JQitoHgRFjahBZ20=
github.com/tree-sitter/tree-sitter-julia v0.25.0/go.mod h1:1dJf7OAwZ1h+Q0QN1m8BfmqzoUbJ/TjQNKGFYrzCt3M=
github.com/tree-sitter/tree-sitter-ocaml v0.26.0 h1:k05Kr70WwUgi/UXcNmskE6GkrXz/XVHTbJQ6SGPTbdQ=
github.com/tree-sitter/tree-sitter-ocaml v0.26.0/go.mod h1:sfJmpFonE6hmu+IU4u0IieKn1LfDXQnJxvRPoHYXpxE=
github.com/tree-sitter/tree-sitter-php v0.25.0 h1:CD1jAhhKObyBNV6Rhlf5YlYoGEa1MsAVaZ2vD7wFdYA=
github.com/tree-sitter/tree-sitter-php v0.25.0/go.mod h1:cEzabPRy4doSxaP9CF9u4FXc3L9Q3Mek3XPVCfqJQRw=
github.com/tree-sitter/tree-sitter-python v0.25.0 h1:O6XD9v8U1LOcRc3cNj9nM7XufrtEBezE6VrpRrHZDf0=
github.com/tree-sitter/tree-sitter-python v0.25.0/go.mod h1:cpdthSy/Yoa28aJFBscFHlGiU+cnSiSh1kuDVtI8YeM=
github.com/tree-sitter/tree-sitter-regex v0.25.0 h1:Ud0dYJYbb6qFkt179CPVTeqkUzCVkJAlG9hMBYf+Ntw=
github.com/tree-sitter/tree-sitter-regex v0.25.0/go.mod h1:58f+OMb+wXYq/SvkjGH+h6LK37qePAPTQNQ81F8hZpA=
github.com/tree-sitter/tree-sitter-ruby v0.23.1 h1:T/NKHUA+iVbHM440hFx+lzVOzS4dV6z8Qw8ai+72bYo=
github.com/tree-sitter/tree-sitter-ruby v0.23.1/go.mod h1:kUS4kCCQloFcdX6sdpr8p6r2rogbM6ZjTox5ZOQy8cA=
github.com/tree-sitter/tree-sitter-rust v0.24.2 h1:NL4nF67ib21RMzzfvkmXlVwe45vvhW10DVyO+D0z/W0=
github.com/tree-sitter/tree-sitter-rust v0.24.2/go.mod h1:hfeGWic9BAfgTrc7Xf6FaOAguCFJRo3RBbs7QJ6D7MI=
github.com/tree-sitter/tree-sitter-scala v0.26.2 h1:ue3zsxnZzKvCAlBqOxIecqgI+NZjjdvrY+hQ8OA3K0Q=
github.com/tree-sitter/tree-sitter-scala v0.26.2/go.mod h1:BmDV0f9rgsnGuG9QtKXQZnqJvECyR9fM8wVg984ulBo=
github.com/tree-sitter/tree-sitter-typescript v0.23.2 h1:/Odvphn18PniVixb9e97X0DbNVsU6Qocv9mfkyzdXwU=
github.com/tree-sitter/tree-sitter-typescript v0.23.2/go.mod h1:zjzMXT/Ulffel2xfOcAkQQkiAkmgnbtPGlFQw/5X4xA=
github.com/tree-sitter/tree-sitter-verilog v1.0.3 h1:slIBGTY4U0QfjzBbOu9ppCY6kCcEv5LxMCEpESvkmJY=
github.com/tree-sitter/tree-sitter-verilog v1.0.3/go.mod h1:4Utc6f6WM/i6nM0oPkIo+g4V3/MQWNFJi8OVzbJy7Ko=
go.yaml.in/yaml/v3 v3.0.5 h1:N6y/pJk8buWs9NY5ERU2HSMfm+IuD/OtfdAnq6kESPw=
go.yaml.in/yaml/v3 v3.0.5/go.mod h1:HVTZu1O7/Vkt2N+BFy8Zza+lnLsABggaTM2ZpNIGuKg=
golang.org/x/exp v0.0.0-20250408133849-7e4ce0ab07d0 h1:R84qjqJb5nVJMxqWYb3np9L5ZsaDtB+a39EqjV0JSUM=
golang.org/x/exp v0.0.0-20250408133849-7e4ce0ab07d0/go.mod h1:S9Xr4PYopiDyqSyp5NjCrhFrqg6A5zA2E/iPHPhqnS8=
golang.org/x/exp/shiny v0.0.0-20250408133849-7e4ce0ab07d0 h1:tMSqXTK+AQdW3LpCbfatHSRPHeW6+2WuxaVQuHftn80=
golang.org/x/exp/shiny v0.0.0-20250408133849-7e4ce0ab07d0/go.mod h1:ygj7T6vSGhhm/9yTpOQQNvuAUFziTH7RUiH74EoE2C8=
golang.org/x/image v0.26.0 h1:4XjIFEZWQmCZi6Wv8BoxsDhRU3RVnLX04dToTDAEPlY=
golang.org/x/image v0.26.0/go.mod h1:lcxbMFAovzpnJxzXS3nyL83K27tmqtKzIJpctK8YO5c=
golang.org/x/net v0.48.0 h1:zyQRTTrjc33Lhh0fBgT/H3oZq9WuvRR5gPC70xpDiQU=
golang.org/x/net v0.48.0/go.mod h1:+ndRgGjkh8FGtu1w1FGbEC31if4VrNVMuKTgcAAnQRY=
golang.org/x/sys v0.39.0 h1:CvCKL8MeisomCi6qNZ+wbb0DN9E5AATixKsvNtMoMFk=
golang.org/x/sys v0.39.0/go.mod h1:OgkHotnGiDImocRcuBABYBEXf8A9a87e/uXjp9XT3ks=
golang.org/x/text v0.32.0 h1:ZD01bjUt1FQ9WJ0ClOL5vxgxOI/sVCNgX1YtKwcY0mU=
golang.org/x/text v0.32.0/go.mod h1:o/rUWzghvpD5TXrTIBuJU77MTaN0ljMWE47kxGJQ7jY=
